
Microsoft Visual Studio Solution File, Format Version 12.00
# Visual Studio Version 17
VisualStudioVersion = 17.10.35013.160
MinimumVisualStudioVersion = 10.0.40219.1
Project("{FAE04EC0-301F-11D3-BF4B-00C04F79EFBC}") = "E-Docs.Domain", "E-Docs.Domain\E-Docs.Domain.csproj", "{FF0AF3FD-0474-495A-AA87-2B56352CB7E5}"
EndProject
Project("{FAE04EC0-301F-11D3-BF4B-00C04F79EFBC}") = "E-Docs.Presenter", "E-Docs.Presenter\E-Docs.Presenter.csproj", "{1B15A079-6845-4443-AD96-5DBF4E2FD45B}"
EndProject
Project("{FAE04EC0-301F-11D3-BF4B-00C04F79EFBC}") = "E-Docs.Views", "E-Docs.Views\E-Docs.Views.csproj", "{39C7D18A-ADF2-4CCA-871A-4426873E2ECE}"
EndProject
Project("{FAE04EC0-301F-11D3-BF4B-00C04F79EFBC}") = "E-Docs.Tests", "E-Docs.Tests\E-Docs.Tests.csproj", "{5450FA7B-7B68-4057-AEFB-94FE5E2A455A}"
EndProject
Global
	GlobalSection(SolutionConfigurationPlatforms) = preSolution
		Debug|Any CPU = Debug|Any CPU
		Release|Any CPU = Release|Any CPU
	EndGlobalSection
	GlobalSection(ProjectConfigurationPlatforms) = postSolution
		{FF0AF3FD-0474-495A-AA87-2B56352CB7E5}.Debug|Any CPU.ActiveCfg = Debug|Any CPU
		{FF0AF3FD-0474-495A-AA87-2B56352CB7E5}.Debug|Any CPU.Build.0 = Debug|Any CPU
		{FF0AF3FD-0474-495A-AA87-2B56352CB7E5}.Release|Any CPU.ActiveCfg = Release|Any CPU
		{FF0AF3FD-0474-495A-AA87-2B56352CB7E5}.Release|Any CPU.Build.0 = Release|Any CPU
		{1B15A079-6845-4443-AD96-5DBF4E2FD45B}.Debug|Any CPU.ActiveCfg = Debug|Any CPU
		{1B15A079-6845-4443-AD96-5DBF4E2FD45B}.Debug|Any CPU.Build.0 = Debug|Any CPU
		{1B15A079-6845-4443-AD96-5DBF4E2FD45B}.Release|Any CPU.ActiveCfg = Release|Any CPU
		{1B15A079-6845-4443-AD96-5DBF4E2FD45B}.Release|Any CPU.Build.0 = Release|Any CPU
		{39C7D18A-ADF2-4CCA-871A-4426873E2ECE}.Debug|Any CPU.ActiveCfg = Debug|Any CPU
		{39C7D18A-ADF2-4CCA-871A-4426873E2ECE}.Debug|Any CPU.Build.0 = Debug|Any CPU
		{39C7D18A-ADF2-4CCA-871A-4426873E2ECE}.Release|Any CPU.ActiveCfg = Release|Any CPU
		{39C7D18A-ADF2-4CCA-871A-4426873E2ECE}.Release|Any CPU.Build.0 = Release|Any CPU
		{5450FA7B-7B68-4057-AEFB-94FE5E2A455A}.Debug|Any CPU.ActiveCfg = Debug|Any CPU
		{5450FA7B-7B68-4057-AEFB-94FE5E2A455A}.Debug|Any CPU.Build.0 = Debug|Any CPU
		{5450FA7B-7B68-4057-AEFB-94FE5E2A455A}.Release|Any CPU.ActiveCfg = Release|Any CPU
		{5450FA7B-7B68-4057-AEFB-94FE5E2A455A}.Release|Any CPU.Build.0 = Release|Any CPU
	EndGlobalSection
	GlobalSection(SolutionProperties) = preSolution
		HideSolutionNode = FALSE
	EndGlobalSection
	GlobalSection(ExtensibilityGlobals) = postSolution
		SolutionGuid = {1E9AE153-6CDF-4657-A462-C17DCD3E5722}
	EndGlobalSection
EndGlobal
